// !$*UTF8*$!
{
	archiveVersion = 1;
	classes = {
	};
	objectVersion = 51;
	objects = {

/* Begin PBXBuildFile section */
		692E110A74ADD1F05DFB3F42 /* Pods_DemoTests.framework in Frameworks */ = {isa = PBXBuildFile; fileRef = 630AF4AC07FE16E42CD0DC58 /* Pods_DemoTests.framework */; };
		89FD3F34EA8BCB42443076CD /* Pods_Demo_DemoUITests.framework in Frameworks */ = {isa = PBXBuildFile; fileRef = AF1FBC7ABE365E83D6C01907 /* Pods_Demo_DemoUITests.framework */; };
		A940749D262D402B006D4DAC /* HomeRepository.swift in Sources */ = {isa = PBXBuildFile; fileRef = A940749C262D402B006D4DAC /* HomeRepository.swift */; };
		A94074CD262D43C5006D4DAC /* ListMovieRequest.swift in Sources */ = {isa = PBXBuildFile; fileRef = A94074CC262D43C5006D4DAC /* ListMovieRequest.swift */; };
		A94074DA262D4732006D4DAC /* Cancellable.swift in Sources */ = {isa = PBXBuildFile; fileRef = A94074D9262D4732006D4DAC /* Cancellable.swift */; };
		A94074E0262D491F006D4DAC /* RepositoryTask.swift in Sources */ = {isa = PBXBuildFile; fileRef = A94074DF262D491F006D4DAC /* RepositoryTask.swift */; };
		A9407507262D4CBC006D4DAC /* LoginRepository.swift in Sources */ = {isa = PBXBuildFile; fileRef = A9407506262D4CBC006D4DAC /* LoginRepository.swift */; };
		A940750C262D4CF9006D4DAC /* LoginStorage.swift in Sources */ = {isa = PBXBuildFile; fileRef = A940750B262D4CF9006D4DAC /* LoginStorage.swift */; };
		A9407511262D53A1006D4DAC /* User.swift in Sources */ = {isa = PBXBuildFile; fileRef = A9407510262D53A1006D4DAC /* User.swift */; };
		A995B37D262CB1BD00C2F442 /* Double.swift in Sources */ = {isa = PBXBuildFile; fileRef = A995B37C262CB1BD00C2F442 /* Double.swift */; };
		A995B382262CBA1600C2F442 /* Image.swift in Sources */ = {isa = PBXBuildFile; fileRef = A995B381262CBA1600C2F442 /* Image.swift */; };
		A9C4E8D4262CDE6000BC7C4B /* MovieStorage.swift in Sources */ = {isa = PBXBuildFile; fileRef = A9C4E8D3262CDE6000BC7C4B /* MovieStorage.swift */; };
		A9C4E8E1262CDEEF00BC7C4B /* ErrorHandler.swift in Sources */ = {isa = PBXBuildFile; fileRef = A9C4E8E0262CDEEF00BC7C4B /* ErrorHandler.swift */; };
		A9C4E99D262D11A000BC7C4B /* CoreDataManager.swift in Sources */ = {isa = PBXBuildFile; fileRef = A9C4E99C262D11A000BC7C4B /* CoreDataManager.swift */; };
		A9F6206B262A6BF60049E7CF /* AppDelegate.swift in Sources */ = {isa = PBXBuildFile; fileRef = A9F6206A262A6BF60049E7CF /* AppDelegate.swift */; };
		A9F6206D262A6BF60049E7CF /* SceneDelegate.swift in Sources */ = {isa = PBXBuildFile; fileRef = A9F6206C262A6BF60049E7CF /* SceneDelegate.swift */; };
		A9F62072262A6BF60049E7CF /* Demo.xcdatamodeld in Sources */ = {isa = PBXBuildFile; fileRef = A9F62070262A6BF60049E7CF /* Demo.xcdatamodeld */; };
		A9F62074262A6BF70049E7CF /* Assets.xcassets in Resources */ = {isa = PBXBuildFile; fileRef = A9F62073262A6BF70049E7CF /* Assets.xcassets */; };
		A9F62077262A6BF70049E7CF /* Preview Assets.xcassets in Resources */ = {isa = PBXBuildFile; fileRef = A9F62076262A6BF70049E7CF /* Preview Assets.xcassets */; };
		A9F6207A262A6BF70049E7CF /* LaunchScreen.storyboard in Resources */ = {isa = PBXBuildFile; fileRef = A9F62078262A6BF70049E7CF /* LaunchScreen.storyboard */; };
		A9F62085262A6BF70049E7CF /* DemoTests.swift in Sources */ = {isa = PBXBuildFile; fileRef = A9F62084262A6BF70049E7CF /* DemoTests.swift */; };
		A9F62090262A6BF70049E7CF /* DemoUITests.swift in Sources */ = {isa = PBXBuildFile; fileRef = A9F6208F262A6BF70049E7CF /* DemoUITests.swift */; };
		A9F620AE262A9E2B0049E7CF /* Localizable.strings in Resources */ = {isa = PBXBuildFile; fileRef = A9F620AD262A9E2B0049E7CF /* Localizable.strings */; };
		A9F620BD262AA46A0049E7CF /* LoginView.swift in Sources */ = {isa = PBXBuildFile; fileRef = A9F620BC262AA46A0049E7CF /* LoginView.swift */; };
		A9F620C5262AA4F40049E7CF /* LoginButtonStyle.swift in Sources */ = {isa = PBXBuildFile; fileRef = A9F620C4262AA4F40049E7CF /* LoginButtonStyle.swift */; };
		A9F620CA262AA5250049E7CF /* LoginViewModel.swift in Sources */ = {isa = PBXBuildFile; fileRef = A9F620C9262AA5250049E7CF /* LoginViewModel.swift */; };
		A9F620CF262AA5420049E7CF /* LoginService.swift in Sources */ = {isa = PBXBuildFile; fileRef = A9F620CE262AA5420049E7CF /* LoginService.swift */; };
		A9F620DB262AA5EA0049E7CF /* HomeView.swift in Sources */ = {isa = PBXBuildFile; fileRef = A9F620DA262AA5EA0049E7CF /* HomeView.swift */; };
		A9F620E2262AA6250049E7CF /* LoginResponse.swift in Sources */ = {isa = PBXBuildFile; fileRef = A9F620E1262AA6250049E7CF /* LoginResponse.swift */; };
		A9F620FA262B3D7B0049E7CF /* Constant.swift in Sources */ = {isa = PBXBuildFile; fileRef = A9F620F9262B3D7B0049E7CF /* Constant.swift */; };
		A9F6213B262B4DFE0049E7CF /* AdaptsToSoftwareKeyboard.swift in Sources */ = {isa = PBXBuildFile; fileRef = A9F6213A262B4DFE0049E7CF /* AdaptsToSoftwareKeyboard.swift */; };
		A9F6215F262B700D0049E7CF /* LoginTextfieldStyle.swift in Sources */ = {isa = PBXBuildFile; fileRef = A9F6215E262B700D0049E7CF /* LoginTextfieldStyle.swift */; };
		A9F6216C262B78CF0049E7CF /* KitTextField.swift in Sources */ = {isa = PBXBuildFile; fileRef = A9F6216B262B78CF0049E7CF /* KitTextField.swift */; };
		A9F62181262B7D400049E7CF /* LocalizedStringKey.swift in Sources */ = {isa = PBXBuildFile; fileRef = A9F62180262B7D400049E7CF /* LocalizedStringKey.swift */; };
		A9F62186262B83250049E7CF /* ServiceConstant.swift in Sources */ = {isa = PBXBuildFile; fileRef = A9F62185262B83250049E7CF /* ServiceConstant.swift */; };
		A9F6218C262B87350049E7CF /* CustomError.swift in Sources */ = {isa = PBXBuildFile; fileRef = A9F6218B262B87350049E7CF /* CustomError.swift */; };
		A9F62194262B89050049E7CF /* LoginRequest.swift in Sources */ = {isa = PBXBuildFile; fileRef = A9F62193262B89050049E7CF /* LoginRequest.swift */; };
		A9F62199262B8A430049E7CF /* BaseResponse.swift in Sources */ = {isa = PBXBuildFile; fileRef = A9F62198262B8A430049E7CF /* BaseResponse.swift */; };
		A9F621AE262B9AD20049E7CF /* UIApplication.swift in Sources */ = {isa = PBXBuildFile; fileRef = A9F621AD262B9AD20049E7CF /* UIApplication.swift */; };
		A9F621B9262BC7C70049E7CF /* HomeViewModel.swift in Sources */ = {isa = PBXBuildFile; fileRef = A9F621B8262BC7C70049E7CF /* HomeViewModel.swift */; };
		A9F621BF262BCFB30049E7CF /* NavigationBarModifier.swift in Sources */ = {isa = PBXBuildFile; fileRef = A9F621BE262BCFB30049E7CF /* NavigationBarModifier.swift */; };
		A9F621C7262BD1090049E7CF /* View.swift in Sources */ = {isa = PBXBuildFile; fileRef = A9F621C6262BD1090049E7CF /* View.swift */; };
		A9F621CC262BD2A60049E7CF /* Movie.swift in Sources */ = {isa = PBXBuildFile; fileRef = A9F621CB262BD2A60049E7CF /* Movie.swift */; };
		A9F621DD262BE1040049E7CF /* MovieService.swift in Sources */ = {isa = PBXBuildFile; fileRef = A9F621DC262BE1040049E7CF /* MovieService.swift */; };
		A9F621E2262BE1440049E7CF /* ListMovieResponse.swift in Sources */ = {isa = PBXBuildFile; fileRef = A9F621E1262BE1440049E7CF /* ListMovieResponse.swift */; };
		A9F621E8262BED300049E7CF /* AsyncImage.swift in Sources */ = {isa = PBXBuildFile; fileRef = A9F621E7262BED300049E7CF /* AsyncImage.swift */; };
		A9F621F0262BED560049E7CF /* ImageLoader.swift in Sources */ = {isa = PBXBuildFile; fileRef = A9F621EF262BED560049E7CF /* ImageLoader.swift */; };
		A9F621F6262BEDF50049E7CF /* EnvironmentValues+ImageCache.swift in Sources */ = {isa = PBXBuildFile; fileRef = A9F621F5262BEDF50049E7CF /* EnvironmentValues+ImageCache.swift */; };
		A9F621FB262BEE070049E7CF /* ImageCache.swift in Sources */ = {isa = PBXBuildFile; fileRef = A9F621FA262BEE070049E7CF /* ImageCache.swift */; };
		A9F6221E262C80800049E7CF /* NoSepratorList.swift in Sources */ = {isa = PBXBuildFile; fileRef = A9F6221D262C80800049E7CF /* NoSepratorList.swift */; };
		A9F6222C262C87E10049E7CF /* Color.swift in Sources */ = {isa = PBXBuildFile; fileRef = A9F6222B262C87E10049E7CF /* Color.swift */; };
		B8609C9599FE688FE2103D27 /* Pods_Demo.framework in Frameworks */ = {isa = PBXBuildFile; fileRef = F392136E0A25EC2D479B1832 /* Pods_Demo.framework */; };
/* End PBXBuildFile section */

/* Begin PBXContainerItemProxy section */
		A9F62081262A6BF70049E7CF /* PBXContainerItemProxy */ = {
			isa = PBXContainerItemProxy;
			containerPortal = A9F6205F262A6BF60049E7CF /* Project object */;
			proxyType = 1;
			remoteGlobalIDString = A9F62066262A6BF60049E7CF;
			remoteInfo = Demo;
		};
		A9F6208C262A6BF70049E7CF /* PBXContainerItemProxy */ = {
			isa = PBXContainerItemProxy;
			containerPortal = A9F6205F262A6BF60049E7CF /* Project object */;
			proxyType = 1;
			remoteGlobalIDString = A9F62066262A6BF60049E7CF;
			remoteInfo = Demo;
		};
/* End PBXContainerItemProxy section */

/* Begin PBXFileReference section */
		008C4724C080D279F518EC68 /* Pods-Demo-DemoUITests.release.xcconfig */ = {isa = PBXFileReference; includeInIndex = 1; lastKnownFileType = text.xcconfig; name = "Pods-Demo-DemoUITests.release.xcconfig"; path = "Target Support Files/Pods-Demo-DemoUITests/Pods-Demo-DemoUITests.release.xcconfig"; sourceTree = "<group>"; };
		600B5BCBABCFB391DE018006 /* Pods-Demo-DemoUITests.debug.xcconfig */ = {isa = PBXFileReference; includeInIndex = 1; lastKnownFileType = text.xcconfig; name = "Pods-Demo-DemoUITests.debug.xcconfig"; path = "Target Support Files/Pods-Demo-DemoUITests/Pods-Demo-DemoUITests.debug.xcconfig"; sourceTree = "<group>"; };
		630AF4AC07FE16E42CD0DC58 /* Pods_DemoTests.framework */ = {isa = PBXFileReference; explicitFileType = wrapper.framework; includeInIndex = 0; path = Pods_DemoTests.framework; sourceTree = BUILT_PRODUCTS_DIR; };
		76332AAE76F867C56E9B25C1 /* Pods-DemoTests.release.xcconfig */ = {isa = PBXFileReference; includeInIndex = 1; lastKnownFileType = text.xcconfig; name = "Pods-DemoTests.release.xcconfig"; path = "Target Support Files/Pods-DemoTests/Pods-DemoTests.release.xcconfig"; sourceTree = "<group>"; };
		A940749C262D402B006D4DAC /* HomeRepository.swift */ = {isa = PBXFileReference; lastKnownFileType = sourcecode.swift; name = HomeRepository.swift; path = ../../../../../HomeRepository.swift; sourceTree = "<group>"; };
		A94074CC262D43C5006D4DAC /* ListMovieRequest.swift */ = {isa = PBXFileReference; lastKnownFileType = sourcecode.swift; path = ListMovieRequest.swift; sourceTree = "<group>"; };
		A94074D9262D4732006D4DAC /* Cancellable.swift */ = {isa = PBXFileReference; lastKnownFileType = sourcecode.swift; path = Cancellable.swift; sourceTree = "<group>"; };
		A94074DF262D491F006D4DAC /* RepositoryTask.swift */ = {isa = PBXFileReference; lastKnownFileType = sourcecode.swift; path = RepositoryTask.swift; sourceTree = "<group>"; };
		A9407506262D4CBC006D4DAC /* LoginRepository.swift */ = {isa = PBXFileReference; lastKnownFileType = sourcecode.swift; path = LoginRepository.swift; sourceTree = "<group>"; };
		A940750B262D4CF9006D4DAC /* LoginStorage.swift */ = {isa = PBXFileReference; lastKnownFileType = sourcecode.swift; path = LoginStorage.swift; sourceTree = "<group>"; };
		A9407510262D53A1006D4DAC /* User.swift */ = {isa = PBXFileReference; lastKnownFileType = sourcecode.swift; path = User.swift; sourceTree = "<group>"; };
		A995B37C262CB1BD00C2F442 /* Double.swift */ = {isa = PBXFileReference; lastKnownFileType = sourcecode.swift; path = Double.swift; sourceTree = "<group>"; };
		A995B381262CBA1600C2F442 /* Image.swift */ = {isa = PBXFileReference; lastKnownFileType = sourcecode.swift; path = Image.swift; sourceTree = "<group>"; };
		A9C4E8D3262CDE6000BC7C4B /* MovieStorage.swift */ = {isa = PBXFileReference; lastKnownFileType = sourcecode.swift; path = MovieStorage.swift; sourceTree = "<group>"; };
		A9C4E8E0262CDEEF00BC7C4B /* ErrorHandler.swift */ = {isa = PBXFileReference; lastKnownFileType = sourcecode.swift; path = ErrorHandler.swift; sourceTree = "<group>"; };
		A9C4E99C262D11A000BC7C4B /* CoreDataManager.swift */ = {isa = PBXFileReference; lastKnownFileType = sourcecode.swift; path = CoreDataManager.swift; sourceTree = "<group>"; };
		A9F62067262A6BF60049E7CF /* Demo.app */ = {isa = PBXFileReference; explicitFileType = wrapper.application; includeInIndex = 0; path = Demo.app; sourceTree = BUILT_PRODUCTS_DIR; };
		A9F6206A262A6BF60049E7CF /* AppDelegate.swift */ = {isa = PBXFileReference; lastKnownFileType = sourcecode.swift; path = AppDelegate.swift; sourceTree = "<group>"; };
		A9F6206C262A6BF60049E7CF /* SceneDelegate.swift */ = {isa = PBXFileReference; lastKnownFileType = sourcecode.swift; path = SceneDelegate.swift; sourceTree = "<group>"; };
		A9F62071262A6BF60049E7CF /* Demo.xcdatamodel */ = {isa = PBXFileReference; lastKnownFileType = wrapper.xcdatamodel; path = Demo.xcdatamodel; sourceTree = "<group>"; };
		A9F62073262A6BF70049E7CF /* Assets.xcassets */ = {isa = PBXFileReference; lastKnownFileType = folder.assetcatalog; path = Assets.xcassets; sourceTree = "<group>"; };
		A9F62076262A6BF70049E7CF /* Preview Assets.xcassets */ = {isa = PBXFileReference; lastKnownFileType = folder.assetcatalog; path = "Preview Assets.xcassets"; sourceTree = "<group>"; };
		A9F62079262A6BF70049E7CF /* Base */ = {isa = PBXFileReference; lastKnownFileType = file.storyboard; name = Base; path = Base.lproj/LaunchScreen.storyboard; sourceTree = "<group>"; };
		A9F6207B262A6BF70049E7CF /* Info.plist */ = {isa = PBXFileReference; lastKnownFileType = text.plist.xml; path = Info.plist; sourceTree = "<group>"; };
		A9F62080262A6BF70049E7CF /* DemoTests.xctest */ = {isa = PBXFileReference; explicitFileType = wrapper.cfbundle; includeInIndex = 0; path = DemoTests.xctest; sourceTree = BUILT_PRODUCTS_DIR; };
		A9F62084262A6BF70049E7CF /* DemoTests.swift */ = {isa = PBXFileReference; lastKnownFileType = sourcecode.swift; path = DemoTests.swift; sourceTree = "<group>"; };
		A9F62086262A6BF70049E7CF /* Info.plist */ = {isa = PBXFileReference; lastKnownFileType = text.plist.xml; path = Info.plist; sourceTree = "<group>"; };
		A9F6208B262A6BF70049E7CF /* DemoUITests.xctest */ = {isa = PBXFileReference; explicitFileType = wrapper.cfbundle; includeInIndex = 0; path = DemoUITests.xctest; sourceTree = BUILT_PRODUCTS_DIR; };
		A9F6208F262A6BF70049E7CF /* DemoUITests.swift */ = {isa = PBXFileReference; lastKnownFileType = sourcecode.swift; path = DemoUITests.swift; sourceTree = "<group>"; };
		A9F62091262A6BF70049E7CF /* Info.plist */ = {isa = PBXFileReference; lastKnownFileType = text.plist.xml; path = Info.plist; sourceTree = "<group>"; };
		A9F620AD262A9E2B0049E7CF /* Localizable.strings */ = {isa = PBXFileReference; lastKnownFileType = text.plist.strings; path = Localizable.strings; sourceTree = "<group>"; };
		A9F620BC262AA46A0049E7CF /* LoginView.swift */ = {isa = PBXFileReference; lastKnownFileType = sourcecode.swift; path = LoginView.swift; sourceTree = "<group>"; };
		A9F620C4262AA4F40049E7CF /* LoginButtonStyle.swift */ = {isa = PBXFileReference; lastKnownFileType = sourcecode.swift; path = LoginButtonStyle.swift; sourceTree = "<group>"; };
		A9F620C9262AA5250049E7CF /* LoginViewModel.swift */ = {isa = PBXFileReference; lastKnownFileType = sourcecode.swift; path = LoginViewModel.swift; sourceTree = "<group>"; };
		A9F620CE262AA5420049E7CF /* LoginService.swift */ = {isa = PBXFileReference; lastKnownFileType = sourcecode.swift; path = LoginService.swift; sourceTree = "<group>"; };
		A9F620DA262AA5EA0049E7CF /* HomeView.swift */ = {isa = PBXFileReference; lastKnownFileType = sourcecode.swift; path = HomeView.swift; sourceTree = "<group>"; };
		A9F620E1262AA6250049E7CF /* LoginResponse.swift */ = {isa = PBXFileReference; lastKnownFileType = sourcecode.swift; path = LoginResponse.swift; sourceTree = "<group>"; };
		A9F620F9262B3D7B0049E7CF /* Constant.swift */ = {isa = PBXFileReference; lastKnownFileType = sourcecode.swift; path = Constant.swift; sourceTree = "<group>"; };
		A9F6213A262B4DFE0049E7CF /* AdaptsToSoftwareKeyboard.swift */ = {isa = PBXFileReference; lastKnownFileType = sourcecode.swift; path = AdaptsToSoftwareKeyboard.swift; sourceTree = "<group>"; };
		A9F6215E262B700D0049E7CF /* LoginTextfieldStyle.swift */ = {isa = PBXFileReference; lastKnownFileType = sourcecode.swift; path = LoginTextfieldStyle.swift; sourceTree = "<group>"; };
		A9F6216B262B78CF0049E7CF /* KitTextField.swift */ = {isa = PBXFileReference; lastKnownFileType = sourcecode.swift; path = KitTextField.swift; sourceTree = "<group>"; };
		A9F62180262B7D400049E7CF /* LocalizedStringKey.swift */ = {isa = PBXFileReference; lastKnownFileType = sourcecode.swift; path = LocalizedStringKey.swift; sourceTree = "<group>"; };
		A9F62185262B83250049E7CF /* ServiceConstant.swift */ = {isa = PBXFileReference; lastKnownFileType = sourcecode.swift; path = ServiceConstant.swift; sourceTree = "<group>"; };
		A9F6218B262B87350049E7CF /* CustomError.swift */ = {isa = PBXFileReference; lastKnownFileType = sourcecode.swift; path = CustomError.swift; sourceTree = "<group>"; };
		A9F62193262B89050049E7CF /* LoginRequest.swift */ = {isa = PBXFileReference; lastKnownFileType = sourcecode.swift; path = LoginRequest.swift; sourceTree = "<group>"; };
		A9F62198262B8A430049E7CF /* BaseResponse.swift */ = {isa = PBXFileReference; lastKnownFileType = sourcecode.swift; path = BaseResponse.swift; sourceTree = "<group>"; };
		A9F621AD262B9AD20049E7CF /* UIApplication.swift */ = {isa = PBXFileReference; lastKnownFileType = sourcecode.swift; path = UIApplication.swift; sourceTree = "<group>"; };
		A9F621B8262BC7C70049E7CF /* HomeViewModel.swift */ = {isa = PBXFileReference; lastKnownFileType = sourcecode.swift; path = HomeViewModel.swift; sourceTree = "<group>"; };
		A9F621BE262BCFB30049E7CF /* NavigationBarModifier.swift */ = {isa = PBXFileReference; lastKnownFileType = sourcecode.swift; path = NavigationBarModifier.swift; sourceTree = "<group>"; };
		A9F621C6262BD1090049E7CF /* View.swift */ = {isa = PBXFileReference; lastKnownFileType = sourcecode.swift; path = View.swift; sourceTree = "<group>"; };
		A9F621CB262BD2A60049E7CF /* Movie.swift */ = {isa = PBXFileReference; lastKnownFileType = sourcecode.swift; path = Movie.swift; sourceTree = "<group>"; };
		A9F621DC262BE1040049E7CF /* MovieService.swift */ = {isa = PBXFileReference; lastKnownFileType = sourcecode.swift; path = MovieService.swift; sourceTree = "<group>"; };
		A9F621E1262BE1440049E7CF /* ListMovieResponse.swift */ = {isa = PBXFileReference; lastKnownFileType = sourcecode.swift; path = ListMovieResponse.swift; sourceTree = "<group>"; };
		A9F621E7262BED300049E7CF /* AsyncImage.swift */ = {isa = PBXFileReference; lastKnownFileType = sourcecode.swift; path = AsyncImage.swift; sourceTree = "<group>"; };
		A9F621EF262BED560049E7CF /* ImageLoader.swift */ = {isa = PBXFileReference; lastKnownFileType = sourcecode.swift; path = ImageLoader.swift; sourceTree = "<group>"; };
		A9F621F5262BEDF50049E7CF /* EnvironmentValues+ImageCache.swift */ = {isa = PBXFileReference; lastKnownFileType = sourcecode.swift; path = "EnvironmentValues+ImageCache.swift"; sourceTree = "<group>"; };
		A9F621FA262BEE070049E7CF /* ImageCache.swift */ = {isa = PBXFileReference; lastKnownFileType = sourcecode.swift; path = ImageCache.swift; sourceTree = "<group>"; };
		A9F6221D262C80800049E7CF /* NoSepratorList.swift */ = {isa = PBXFileReference; lastKnownFileType = sourcecode.swift; path = NoSepratorList.swift; sourceTree = "<group>"; };
		A9F6222B262C87E10049E7CF /* Color.swift */ = {isa = PBXFileReference; lastKnownFileType = sourcecode.swift; path = Color.swift; sourceTree = "<group>"; };
		ADA399BDE4F57C331DDBB3BC /* Pods-Demo.debug.xcconfig */ = {isa = PBXFileReference; includeInIndex = 1; lastKnownFileType = text.xcconfig; name = "Pods-Demo.debug.xcconfig"; path = "Target Support Files/Pods-Demo/Pods-Demo.debug.xcconfig"; sourceTree = "<group>"; };
		AF1FBC7ABE365E83D6C01907 /* Pods_Demo_DemoUITests.framework */ = {isa = PBXFileReference; explicitFileType = wrapper.framework; includeInIndex = 0; path = Pods_Demo_DemoUITests.framework; sourceTree = BUILT_PRODUCTS_DIR; };
		D9CDE1574F2FB1FF914D741E /* Pods-Demo.release.xcconfig */ = {isa = PBXFileReference; includeInIndex = 1; lastKnownFileType = text.xcconfig; name = "Pods-Demo.release.xcconfig"; path = "Target Support Files/Pods-Demo/Pods-Demo.release.xcconfig"; sourceTree = "<group>"; };
		DFCAF512791BBEA98D345020 /* Pods-DemoTests.debug.xcconfig */ = {isa = PBXFileReference; includeInIndex = 1; lastKnownFileType = text.xcconfig; name = "Pods-DemoTests.debug.xcconfig"; path = "Target Support Files/Pods-DemoTests/Pods-DemoTests.debug.xcconfig"; sourceTree = "<group>"; };
		F392136E0A25EC2D479B1832 /* Pods_Demo.framework */ = {isa = PBXFileReference; explicitFileType = wrapper.framework; includeInIndex = 0; path = Pods_Demo.framework; sourceTree = BUILT_PRODUCTS_DIR; };
/* End PBXFileReference section */

/* Begin PBXFrameworksBuildPhase section */
		A9F62064262A6BF60049E7CF /* Frameworks */ = {
			isa = PBXFrameworksBuildPhase;
			buildActionMask = 2147483647;
			files = (
				B8609C9599FE688FE2103D27 /* Pods_Demo.framework in Frameworks */,
			);
			runOnlyForDeploymentPostprocessing = 0;
		};
		A9F6207D262A6BF70049E7CF /* Frameworks */ = {
			isa = PBXFrameworksBuildPhase;
			buildActionMask = 2147483647;
			files = (
				692E110A74ADD1F05DFB3F42 /* Pods_DemoTests.framework in Frameworks */,
			);
			runOnlyForDeploymentPostprocessing = 0;
		};
		A9F62088262A6BF70049E7CF /* Frameworks */ = {
			isa = PBXFrameworksBuildPhase;
			buildActionMask = 2147483647;
			files = (
				89FD3F34EA8BCB42443076CD /* Pods_Demo_DemoUITests.framework in Frameworks */,
			);
			runOnlyForDeploymentPostprocessing = 0;
		};
/* End PBXFrameworksBuildPhase section */

/* Begin PBXGroup section */
		2472A585E3DFE73D57DA3039 /* Frameworks */ = {
			isa = PBXGroup;
			children = (
				F392136E0A25EC2D479B1832 /* Pods_Demo.framework */,
				AF1FBC7ABE365E83D6C01907 /* Pods_Demo_DemoUITests.framework */,
				630AF4AC07FE16E42CD0DC58 /* Pods_DemoTests.framework */,
			);
			name = Frameworks;
			sourceTree = "<group>";
		};
		5C7052A69A86A64ADDC145BD /* Pods */ = {
			isa = PBXGroup;
			children = (
				ADA399BDE4F57C331DDBB3BC /* Pods-Demo.debug.xcconfig */,
				D9CDE1574F2FB1FF914D741E /* Pods-Demo.release.xcconfig */,
				600B5BCBABCFB391DE018006 /* Pods-Demo-DemoUITests.debug.xcconfig */,
				008C4724C080D279F518EC68 /* Pods-Demo-DemoUITests.release.xcconfig */,
				DFCAF512791BBEA98D345020 /* Pods-DemoTests.debug.xcconfig */,
				76332AAE76F867C56E9B25C1 /* Pods-DemoTests.release.xcconfig */,
			);
			path = Pods;
			sourceTree = "<group>";
		};
		A940749B262D4014006D4DAC /* Repository */ = {
			isa = PBXGroup;
			children = (
				A94074DE262D4916006D4DAC /* Util */,
				A940749C262D402B006D4DAC /* HomeRepository.swift */,
				A9407506262D4CBC006D4DAC /* LoginRepository.swift */,
			);
			path = Repository;
			sourceTree = "<group>";
		};
		A94074AA262D4137006D4DAC /* Scene */ = {
			isa = PBXGroup;
			children = (
				A94074AF262D4158006D4DAC /* Home */,
				A94074AE262D4151006D4DAC /* Login */,
			);
			path = Scene;
			sourceTree = "<group>";
		};
		A94074AE262D4151006D4DAC /* Login */ = {
			isa = PBXGroup;
			children = (
				A9F620BC262AA46A0049E7CF /* LoginView.swift */,
				A9F620C9262AA5250049E7CF /* LoginViewModel.swift */,
			);
			path = Login;
			sourceTree = "<group>";
		};
		A94074AF262D4158006D4DAC /* Home */ = {
			isa = PBXGroup;
			children = (
				A9F621B8262BC7C70049E7CF /* HomeViewModel.swift */,
				A9F620DA262AA5EA0049E7CF /* HomeView.swift */,
			);
			path = Home;
			sourceTree = "<group>";
		};
		A94074B0262D4176006D4DAC /* Application */ = {
			isa = PBXGroup;
			children = (
				A9F6206A262A6BF60049E7CF /* AppDelegate.swift */,
			);
			path = Application;
			sourceTree = "<group>";
		};
		A94074DE262D4916006D4DAC /* Util */ = {
			isa = PBXGroup;
			children = (
				A94074DF262D491F006D4DAC /* RepositoryTask.swift */,
			);
			path = Util;
			sourceTree = "<group>";
		};
		A94074ED262D4B47006D4DAC /* Modifier */ = {
			isa = PBXGroup;
			children = (
				A9F621BD262BCFA30049E7CF /* Navigation */,
			);
			path = Modifier;
			sourceTree = "<group>";
		};
		A9C4E8B8262CD58C00BC7C4B /* Persistance */ = {
			isa = PBXGroup;
			children = (
				A9C4E8D3262CDE6000BC7C4B /* MovieStorage.swift */,
				A9C4E99C262D11A000BC7C4B /* CoreDataManager.swift */,
				A940750B262D4CF9006D4DAC /* LoginStorage.swift */,
			);
			path = Persistance;
			sourceTree = "<group>";
		};
		A9F6205E262A6BF60049E7CF = {
			isa = PBXGroup;
			children = (
				A9F62069262A6BF60049E7CF /* Demo */,
				A9F62083262A6BF70049E7CF /* DemoTests */,
				A9F6208E262A6BF70049E7CF /* DemoUITests */,
				A9F62068262A6BF60049E7CF /* Products */,
				5C7052A69A86A64ADDC145BD /* Pods */,
				2472A585E3DFE73D57DA3039 /* Frameworks */,
			);
			sourceTree = "<group>";
		};
		A9F62068262A6BF60049E7CF /* Products */ = {
			isa = PBXGroup;
			children = (
				A9F62067262A6BF60049E7CF /* Demo.app */,
				A9F62080262A6BF70049E7CF /* DemoTests.xctest */,
				A9F6208B262A6BF70049E7CF /* DemoUITests.xctest */,
			);
			name = Products;
			sourceTree = "<group>";
		};
		A9F62069262A6BF60049E7CF /* Demo */ = {
			isa = PBXGroup;
			children = (
				A94074B0262D4176006D4DAC /* Application */,
				A94074ED262D4B47006D4DAC /* Modifier */,
				A9F620B7262A9E860049E7CF /* Component */,
				A9F620B8262A9E8C0049E7CF /* Style */,
				A9F62147262B4E5F0049E7CF /* Extension */,
				A940749B262D4014006D4DAC /* Repository */,
				A9C4E8B8262CD58C00BC7C4B /* Persistance */,
				A9F620AC262A9E010049E7CF /* Resources */,
				A9F620B5262A9E540049E7CF /* Presentation */,
				A9F620AA262A9DF60049E7CF /* Model */,
				A9F620A9262A9DEF0049E7CF /* Service */,
				A9F6218A262B86FC0049E7CF /* Util */,
				A9F6206C262A6BF60049E7CF /* SceneDelegate.swift */,
				A9F62078262A6BF70049E7CF /* LaunchScreen.storyboard */,
				A9F6207B262A6BF70049E7CF /* Info.plist */,
				A9F62075262A6BF70049E7CF /* Preview Content */,
			);
			path = Demo;
			sourceTree = "<group>";
		};
		A9F62075262A6BF70049E7CF /* Preview Content */ = {
			isa = PBXGroup;
			children = (
				A9F62076262A6BF70049E7CF /* Preview Assets.xcassets */,
			);
			path = "Preview Content";
			sourceTree = "<group>";
		};
		A9F62083262A6BF70049E7CF /* DemoTests */ = {
			isa = PBXGroup;
			children = (
				A9F62084262A6BF70049E7CF /* DemoTests.swift */,
				A9F62086262A6BF70049E7CF /* Info.plist */,
			);
			path = DemoTests;
			sourceTree = "<group>";
		};
		A9F6208E262A6BF70049E7CF /* DemoUITests */ = {
			isa = PBXGroup;
			children = (
				A9F6208F262A6BF70049E7CF /* DemoUITests.swift */,
				A9F62091262A6BF70049E7CF /* Info.plist */,
			);
			path = DemoUITests;
			sourceTree = "<group>";
		};
		A9F620A9262A9DEF0049E7CF /* Service */ = {
			isa = PBXGroup;
			children = (
				A9F620DF262AA60E0049E7CF /* Request */,
				A9F620E0262AA6140049E7CF /* Response */,
				A9F620CE262AA5420049E7CF /* LoginService.swift */,
				A9F62185262B83250049E7CF /* ServiceConstant.swift */,
				A9F621DC262BE1040049E7CF /* MovieService.swift */,
			);
			path = Service;
			sourceTree = "<group>";
		};
		A9F620AA262A9DF60049E7CF /* Model */ = {
			isa = PBXGroup;
			children = (
				A9F621CB262BD2A60049E7CF /* Movie.swift */,
				A9407510262D53A1006D4DAC /* User.swift */,
			);
			path = Model;
			sourceTree = "<group>";
		};
		A9F620AC262A9E010049E7CF /* Resources */ = {
			isa = PBXGroup;
			children = (
				A9F62073262A6BF70049E7CF /* Assets.xcassets */,
				A9F62070262A6BF60049E7CF /* Demo.xcdatamodeld */,
				A9F620AD262A9E2B0049E7CF /* Localizable.strings */,
			);
			path = Resources;
			sourceTree = "<group>";
		};
		A9F620B5262A9E540049E7CF /* Presentation */ = {
			isa = PBXGroup;
			children = (
				A94074AA262D4137006D4DAC /* Scene */,
			);
			path = Presentation;
			sourceTree = "<group>";
		};
		A9F620B7262A9E860049E7CF /* Component */ = {
			isa = PBXGroup;
			children = (
				A9F62227262C834E0049E7CF /* List */,
				A9F621E6262BED210049E7CF /* AsyncImage */,
				A9F62119262B49A80049E7CF /* Keyboard */,
			);
			path = Component;
			sourceTree = "<group>";
		};
		A9F620B8262A9E8C0049E7CF /* Style */ = {
			isa = PBXGroup;
			children = (
				A9F620C4262AA4F40049E7CF /* LoginButtonStyle.swift */,
				A9F6215E262B700D0049E7CF /* LoginTextfieldStyle.swift */,
			);
			path = Style;
			sourceTree = "<group>";
		};
		A9F620DF262AA60E0049E7CF /* Request */ = {
			isa = PBXGroup;
			children = (
				A9F62193262B89050049E7CF /* LoginRequest.swift */,
				A94074CC262D43C5006D4DAC /* ListMovieRequest.swift */,
			);
			path = Request;
			sourceTree = "<group>";
		};
		A9F620E0262AA6140049E7CF /* Response */ = {
			isa = PBXGroup;
			children = (
				A9F620E1262AA6250049E7CF /* LoginResponse.swift */,
				A9F62198262B8A430049E7CF /* BaseResponse.swift */,
				A9F621E1262BE1440049E7CF /* ListMovieResponse.swift */,
			);
			path = Response;
			sourceTree = "<group>";
		};
		A9F62119262B49A80049E7CF /* Keyboard */ = {
			isa = PBXGroup;
			children = (
				A9F6213A262B4DFE0049E7CF /* AdaptsToSoftwareKeyboard.swift */,
				A9F6216B262B78CF0049E7CF /* KitTextField.swift */,
			);
			path = Keyboard;
			sourceTree = "<group>";
		};
		A9F62147262B4E5F0049E7CF /* Extension */ = {
			isa = PBXGroup;
			children = (
				A9F62180262B7D400049E7CF /* LocalizedStringKey.swift */,
				A9F621AD262B9AD20049E7CF /* UIApplication.swift */,
				A9F621C6262BD1090049E7CF /* View.swift */,
				A9F6222B262C87E10049E7CF /* Color.swift */,
				A995B37C262CB1BD00C2F442 /* Double.swift */,
				A995B381262CBA1600C2F442 /* Image.swift */,
			);
			path = Extension;
			sourceTree = "<group>";
		};
		A9F6218A262B86FC0049E7CF /* Util */ = {
			isa = PBXGroup;
			children = (
				A9F620F9262B3D7B0049E7CF /* Constant.swift */,
				A9F6218B262B87350049E7CF /* CustomError.swift */,
				A9C4E8E0262CDEEF00BC7C4B /* ErrorHandler.swift */,
				A94074D9262D4732006D4DAC /* Cancellable.swift */,
			);
			path = Util;
			sourceTree = "<group>";
		};
		A9F621BD262BCFA30049E7CF /* Navigation */ = {
			isa = PBXGroup;
			children = (
				A9F621BE262BCFB30049E7CF /* NavigationBarModifier.swift */,
			);
			path = Navigation;
			sourceTree = "<group>";
		};
		A9F621E6262BED210049E7CF /* AsyncImage */ = {
			isa = PBXGroup;
			children = (
				A9F621E7262BED300049E7CF /* AsyncImage.swift */,
				A9F621EF262BED560049E7CF /* ImageLoader.swift */,
				A9F621F5262BEDF50049E7CF /* EnvironmentValues+ImageCache.swift */,
				A9F621FA262BEE070049E7CF /* ImageCache.swift */,
			);
			path = AsyncImage;
			sourceTree = "<group>";
		};
		A9F62227262C834E0049E7CF /* List */ = {
			isa = PBXGroup;
			children = (
				A9F6221D262C80800049E7CF /* NoSepratorList.swift */,
			);
			path = List;
			sourceTree = "<group>";
		};
/* End PBXGroup section */

/* Begin PBXNativeTarget section */
		A9F62066262A6BF60049E7CF /* Demo */ = {
			isa = PBXNativeTarget;
			buildConfigurationList = A9F62094262A6BF70049E7CF /* Build configuration list for PBXNativeTarget "Demo" */;
			buildPhases = (
				A993A72CD190528D17CBC798 /* [CP] Check Pods Manifest.lock */,
				A9F62063262A6BF60049E7CF /* Sources */,
				A9F62064262A6BF60049E7CF /* Frameworks */,
				A9F62065262A6BF60049E7CF /* Resources */,
				A03EF852724EC2EC5E2AE937 /* [CP] Embed Pods Frameworks */,
			);
			buildRules = (
			);
			dependencies = (
			);
			name = Demo;
			productName = Demo;
			productReference = A9F62067262A6BF60049E7CF /* Demo.app */;
			productType = "com.apple.product-type.application";
		};
		A9F6207F262A6BF70049E7CF /* DemoTests */ = {
			isa = PBXNativeTarget;
			buildConfigurationList = A9F62097262A6BF70049E7CF /* Build configuration list for PBXNativeTarget "DemoTests" */;
			buildPhases = (
				D074E9D538EF55529D384413 /* [CP] Check Pods Manifest.lock */,
				A9F6207C262A6BF70049E7CF /* Sources */,
				A9F6207D262A6BF70049E7CF /* Frameworks */,
				A9F6207E262A6BF70049E7CF /* Resources */,
			);
			buildRules = (
			);
			dependencies = (
				A9F62082262A6BF70049E7CF /* PBXTargetDependency */,
			);
			name = DemoTests;
			productName = DemoTests;
			productReference = A9F62080262A6BF70049E7CF /* DemoTests.xctest */;
			productType = "com.apple.product-type.bundle.unit-test";
		};
		A9F6208A262A6BF70049E7CF /* DemoUITests */ = {
			isa = PBXNativeTarget;
			buildConfigurationList = A9F6209A262A6BF70049E7CF /* Build configuration list for PBXNativeTarget "DemoUITests" */;
			buildPhases = (
				C0EDB6F14C764BB8C2B32B8C /* [CP] Check Pods Manifest.lock */,
				A9F62087262A6BF70049E7CF /* Sources */,
				A9F62088262A6BF70049E7CF /* Frameworks */,
				A9F62089262A6BF70049E7CF /* Resources */,
				70656B8A86839E60D9D0123E /* [CP] Embed Pods Frameworks */,
			);
			buildRules = (
			);
			dependencies = (
				A9F6208D262A6BF70049E7CF /* PBXTargetDependency */,
			);
			name = DemoUITests;
			productName = DemoUITests;
			productReference = A9F6208B262A6BF70049E7CF /* DemoUITests.xctest */;
			productType = "com.apple.product-type.bundle.ui-testing";
		};
/* End PBXNativeTarget section */

/* Begin PBXProject section */
		A9F6205F262A6BF60049E7CF /* Project object */ = {
			isa = PBXProject;
			attributes = {
				LastSwiftUpdateCheck = 1240;
				LastUpgradeCheck = 1240;
				TargetAttributes = {
					A9F62066262A6BF60049E7CF = {
						CreatedOnToolsVersion = 12.4;
					};
					A9F6207F262A6BF70049E7CF = {
						CreatedOnToolsVersion = 12.4;
						TestTargetID = A9F62066262A6BF60049E7CF;
					};
					A9F6208A262A6BF70049E7CF = {
						CreatedOnToolsVersion = 12.4;
						TestTargetID = A9F62066262A6BF60049E7CF;
					};
				};
			};
			buildConfigurationList = A9F62062262A6BF60049E7CF /* Build configuration list for PBXProject "Demo" */;
			compatibilityVersion = "Xcode 9.3";
			developmentRegion = en;
			hasScannedForEncodings = 0;
			knownRegions = (
				en,
				Base,
			);
			mainGroup = A9F6205E262A6BF60049E7CF;
			productRefGroup = A9F62068262A6BF60049E7CF /* Products */;
			projectDirPath = "";
			projectRoot = "";
			targets = (
				A9F62066262A6BF60049E7CF /* Demo */,
				A9F6207F262A6BF70049E7CF /* DemoTests */,
				A9F6208A262A6BF70049E7CF /* DemoUITests */,
			);
		};
/* End PBXProject section */

/* Begin PBXResourcesBuildPhase section */
		A9F62065262A6BF60049E7CF /* Resources */ = {
			isa = PBXResourcesBuildPhase;
			buildActionMask = 2147483647;
			files = (
				A9F6207A262A6BF70049E7CF /* LaunchScreen.storyboard in Resources */,
				A9F620AE262A9E2B0049E7CF /* Localizable.strings in Resources */,
				A9F62077262A6BF70049E7CF /* Preview Assets.xcassets in Resources */,
				A9F62074262A6BF70049E7CF /* Assets.xcassets in Resources */,
			);
			runOnlyForDeploymentPostprocessing = 0;
		};
		A9F6207E262A6BF70049E7CF /* Resources */ = {
			isa = PBXResourcesBuildPhase;
			buildActionMask = 2147483647;
			files = (
			);
			runOnlyForDeploymentPostprocessing = 0;
		};
		A9F62089262A6BF70049E7CF /* Resources */ = {
			isa = PBXResourcesBuildPhase;
			buildActionMask = 2147483647;
			files = (
			);
			runOnlyForDeploymentPostprocessing = 0;
		};
/* End PBXResourcesBuildPhase section */

/* Begin PBXShellScriptBuildPhase section */
		70656B8A86839E60D9D0123E /* [CP] Embed Pods Frameworks */ = {
			isa = PBXShellScriptBuildPhase;
			buildActionMask = 2147483647;
			files = (
			);
			inputFileListPaths = (
				"${PODS_ROOT}/Target Support Files/Pods-Demo-DemoUITests/Pods-Demo-DemoUITests-frameworks-${CONFIGURATION}-input-files.xcfilelist",
			);
			name = "[CP] Embed Pods Frameworks";
			outputFileListPaths = (
				"${PODS_ROOT}/Target Support Files/Pods-Demo-DemoUITests/Pods-Demo-DemoUITests-frameworks-${CONFIGURATION}-output-files.xcfilelist",
			);
			runOnlyForDeploymentPostprocessing = 0;
			shellPath = /bin/sh;
			shellScript = "\"${PODS_ROOT}/Target Support Files/Pods-Demo-DemoUITests/Pods-Demo-DemoUITests-frameworks.sh\"\n";
			showEnvVarsInLog = 0;
		};
		A03EF852724EC2EC5E2AE937 /* [CP] Embed Pods Frameworks */ = {
			isa = PBXShellScriptBuildPhase;
			buildActionMask = 2147483647;
			files = (
			);
			inputFileListPaths = (
				"${PODS_ROOT}/Target Support Files/Pods-Demo/Pods-Demo-frameworks-${CONFIGURATION}-input-files.xcfilelist",
			);
			name = "[CP] Embed Pods Frameworks";
			outputFileListPaths = (
				"${PODS_ROOT}/Target Support Files/Pods-Demo/Pods-Demo-frameworks-${CONFIGURATION}-output-files.xcfilelist",
			);
			runOnlyForDeploymentPostprocessing = 0;
			shellPath = /bin/sh;
			shellScript = "\"${PODS_ROOT}/Target Support Files/Pods-Demo/Pods-Demo-frameworks.sh\"\n";
			showEnvVarsInLog = 0;
		};
		A993A72CD190528D17CBC798 /* [CP] Check Pods Manifest.lock */ = {
			isa = PBXShellScriptBuildPhase;
			buildActionMask = 2147483647;
			files = (
			);
			inputFileListPaths = (
			);
			inputPaths = (
				"${PODS_PODFILE_DIR_PATH}/Podfile.lock",
				"${PODS_ROOT}/Manifest.lock",
			);
			name = "[CP] Check Pods Manifest.lock";
			outputFileListPaths = (
			);
			outputPaths = (
				"$(DERIVED_FILE_DIR)/Pods-Demo-checkManifestLockResult.txt",
			);
			runOnlyForDeploymentPostprocessing = 0;
			shellPath = /bin/sh;
			shellScript = "diff \"${PODS_PODFILE_DIR_PATH}/Podfile.lock\" \"${PODS_ROOT}/Manifest.lock\" > /dev/null\nif [ $? != 0 ] ; then\n    # print error to STDERR\n    echo \"error: The sandbox is not in sync with the Podfile.lock. Run 'pod install' or update your CocoaPods installation.\" >&2\n    exit 1\nfi\n# This output is used by Xcode 'outputs' to avoid re-running this script phase.\necho \"SUCCESS\" > \"${SCRIPT_OUTPUT_FILE_0}\"\n";
			showEnvVarsInLog = 0;
		};
		C0EDB6F14C764BB8C2B32B8C /* [CP] Check Pods Manifest.lock */ = {
			isa = PBXShellScriptBuildPhase;
			buildActionMask = 2147483647;
			files = (
			);
			inputFileListPaths = (
			);
			inputPaths = (
				"${PODS_PODFILE_DIR_PATH}/Podfile.lock",
				"${PODS_ROOT}/Manifest.lock",
			);
			name = "[CP] Check Pods Manifest.lock";
			outputFileListPaths = (
			);
			outputPaths = (
				"$(DERIVED_FILE_DIR)/Pods-Demo-DemoUITests-checkManifestLockResult.txt",
			);
			runOnlyForDeploymentPostprocessing = 0;
			shellPath = /bin/sh;
			shellScript = "diff \"${PODS_PODFILE_DIR_PATH}/Podfile.lock\" \"${PODS_ROOT}/Manifest.lock\" > /dev/null\nif [ $? != 0 ] ; then\n    # print error to STDERR\n    echo \"error: The sandbox is not in sync with the Podfile.lock. Run 'pod install' or update your CocoaPods installation.\" >&2\n    exit 1\nfi\n# This output is used by Xcode 'outputs' to avoid re-running this script phase.\necho \"SUCCESS\" > \"${SCRIPT_OUTPUT_FILE_0}\"\n";
			showEnvVarsInLog = 0;
		};
		D074E9D538EF55529D384413 /* [CP] Check Pods Manifest.lock */ = {
			isa = PBXShellScriptBuildPhase;
			buildActionMask = 2147483647;
			files = (
			);
			inputFileListPaths = (
			);
			inputPaths = (
				"${PODS_PODFILE_DIR_PATH}/Podfile.lock",
				"${PODS_ROOT}/Manifest.lock",
			);
			name = "[CP] Check Pods Manifest.lock";
			outputFileListPaths = (
			);
			outputPaths = (
				"$(DERIVED_FILE_DIR)/Pods-DemoTests-checkManifestLockResult.txt",
			);
			runOnlyForDeploymentPostprocessing = 0;
			shellPath = /bin/sh;
			shellScript = "diff \"${PODS_PODFILE_DIR_PATH}/Podfile.lock\" \"${PODS_ROOT}/Manifest.lock\" > /dev/null\nif [ $? != 0 ] ; then\n    # print error to STDERR\n    echo \"error: The sandbox is not in sync with the Podfile.lock. Run 'pod install' or update your CocoaPods installation.\" >&2\n    exit 1\nfi\n# This output is used by Xcode 'outputs' to avoid re-running this script phase.\necho \"SUCCESS\" > \"${SCRIPT_OUTPUT_FILE_0}\"\n";
			showEnvVarsInLog = 0;
		};
/* End PBXShellScriptBuildPhase section */

/* Begin PBXSourcesBuildPhase section */
		A9F62063262A6BF60049E7CF /* Sources */ = {
			isa = PBXSourcesBuildPhase;
			buildActionMask = 2147483647;
			files = (
				A94074DA262D4732006D4DAC /* Cancellable.swift in Sources */,
				A9F621E8262BED300049E7CF /* AsyncImage.swift in Sources */,
				A9F620DB262AA5EA0049E7CF /* HomeView.swift in Sources */,
				A940749D262D402B006D4DAC /* HomeRepository.swift in Sources */,
				A9F6213B262B4DFE0049E7CF /* AdaptsToSoftwareKeyboard.swift in Sources */,
				A9F6221E262C80800049E7CF /* NoSepratorList.swift in Sources */,
				A9F621F0262BED560049E7CF /* ImageLoader.swift in Sources */,
				A9F6222C262C87E10049E7CF /* Color.swift in Sources */,
				A9F621F6262BEDF50049E7CF /* EnvironmentValues+ImageCache.swift in Sources */,
				A9F6218C262B87350049E7CF /* CustomError.swift in Sources */,
				A9F6206B262A6BF60049E7CF /* AppDelegate.swift in Sources */,
				A9F621DD262BE1040049E7CF /* MovieService.swift in Sources */,
				A9C4E99D262D11A000BC7C4B /* CoreDataManager.swift in Sources */,
				A9F620C5262AA4F40049E7CF /* LoginButtonStyle.swift in Sources */,
				A995B382262CBA1600C2F442 /* Image.swift in Sources */,
				A940750C262D4CF9006D4DAC /* LoginStorage.swift in Sources */,
				A9F62199262B8A430049E7CF /* BaseResponse.swift in Sources */,
				A9F621BF262BCFB30049E7CF /* NavigationBarModifier.swift in Sources */,
				A9F62181262B7D400049E7CF /* LocalizedStringKey.swift in Sources */,
				A9F6215F262B700D0049E7CF /* LoginTextfieldStyle.swift in Sources */,
				A9F621C7262BD1090049E7CF /* View.swift in Sources */,
				A9F621E2262BE1440049E7CF /* ListMovieResponse.swift in Sources */,
				A9F621AE262B9AD20049E7CF /* UIApplication.swift in Sources */,
				A94074E0262D491F006D4DAC /* RepositoryTask.swift in Sources */,
				A9F6206D262A6BF60049E7CF /* SceneDelegate.swift in Sources */,
				A9F620E2262AA6250049E7CF /* LoginResponse.swift in Sources */,
				A9F62194262B89050049E7CF /* LoginRequest.swift in Sources */,
				A9F621CC262BD2A60049E7CF /* Movie.swift in Sources */,
				A9F62072262A6BF60049E7CF /* Demo.xcdatamodeld in Sources */,
				A9F620BD262AA46A0049E7CF /* LoginView.swift in Sources */,
				A9407507262D4CBC006D4DAC /* LoginRepository.swift in Sources */,
				A9F621FB262BEE070049E7CF /* ImageCache.swift in Sources */,
				A9F62186262B83250049E7CF /* ServiceConstant.swift in Sources */,
				A9F621B9262BC7C70049E7CF /* HomeViewModel.swift in Sources */,
				A9F620FA262B3D7B0049E7CF /* Constant.swift in Sources */,
				A9F620CA262AA5250049E7CF /* LoginViewModel.swift in Sources */,
				A9F6216C262B78CF0049E7CF /* KitTextField.swift in Sources */,
				A94074CD262D43C5006D4DAC /* ListMovieRequest.swift in Sources */,
				A9C4E8D4262CDE6000BC7C4B /* MovieStorage.swift in Sources */,
				A9C4E8E1262CDEEF00BC7C4B /* ErrorHandler.swift in Sources */,
				A995B37D262CB1BD00C2F442 /* Double.swift in Sources */,
				A9F620CF262AA5420049E7CF /* LoginService.swift in Sources */,
				A9407511262D53A1006D4DAC /* User.swift in Sources */,
			);
			runOnlyForDeploymentPostprocessing = 0;
		};
		A9F6207C262A6BF70049E7CF /* Sources */ = {
			isa = PBXSourcesBuildPhase;
			buildActionMask = 2147483647;
			files = (
				A9F62085262A6BF70049E7CF /* DemoTests.swift in Sources */,
			);
			runOnlyForDeploymentPostprocessing = 0;
		};
		A9F62087262A6BF70049E7CF /* Sources */ = {
			isa = PBXSourcesBuildPhase;
			buildActionMask = 2147483647;
			files = (
				A9F62090262A6BF70049E7CF /* DemoUITests.swift in Sources */,
			);
			runOnlyForDeploymentPostprocessing = 0;
		};
/* End PBXSourcesBuildPhase section */

/* Begin PBXTargetDependency section */
		A9F62082262A6BF70049E7CF /* PBXTargetDependency */ = {
			isa = PBXTargetDependency;
			target = A9F62066262A6BF60049E7CF /* Demo */;
			targetProxy = A9F62081262A6BF70049E7CF /* PBXContainerItemProxy */;
		};
		A9F6208D262A6BF70049E7CF /* PBXTargetDependency */ = {
			isa = PBXTargetDependency;
			target = A9F62066262A6BF60049E7CF /* Demo */;
			targetProxy = A9F6208C262A6BF70049E7CF /* PBXContainerItemProxy */;
		};
/* End PBXTargetDependency section */

/* Begin PBXVariantGroup section */
		A9F62078262A6BF70049E7CF /* LaunchScreen.storyboard */ = {
			isa = PBXVariantGroup;
			children = (
				A9F62079262A6BF70049E7CF /* Base */,
			);
			name = LaunchScreen.storyboard;
			sourceTree = "<group>";
		};
/* End PBXVariantGroup section */

/* Begin XCBuildConfiguration section */
		A9F62092262A6BF70049E7CF /* Debug */ = {
			isa = XCBuildConfiguration;
			buildSettings = {
				ALWAYS_SEARCH_USER_PATHS = NO;
				CLANG_ANALYZER_NONNULL = YES;
				CLANG_ANALYZER_NUMBER_OBJECT_CONVERSION = YES_AGGRESSIVE;
				CLANG_CXX_LANGUAGE_STANDARD = "gnu++14";
				CLANG_CXX_LIBRARY = "libc++";
				CLANG_ENABLE_MODULES = YES;
				CLANG_ENABLE_OBJC_ARC = YES;
				CLANG_ENABLE_OBJC_WEAK = YES;
				CLANG_WARN_BLOCK_CAPTURE_AUTORELEASING = YES;
				CLANG_WARN_BOOL_CONVERSION = YES;
				CLANG_WARN_COMMA = YES;
				CLANG_WARN_CONSTANT_CONVERSION = YES;
				CLANG_WARN_DEPRECATED_OBJC_IMPLEMENTATIONS = YES;
				CLANG_WARN_DIRECT_OBJC_ISA_USAGE = YES_ERROR;
				CLANG_WARN_DOCUMENTATION_COMMENTS = YES;
				CLANG_WARN_EMPTY_BODY = YES;
				CLANG_WARN_ENUM_CONVERSION = YES;
				CLANG_WARN_INFINITE_RECURSION = YES;
				CLANG_WARN_INT_CONVERSION = YES;
				CLANG_WARN_NON_LITERAL_NULL_CONVERSION = YES;
				CLANG_WARN_OBJC_IMPLICIT_RETAIN_SELF = YES;
				CLANG_WARN_OBJC_LITERAL_CONVERSION = YES;
				CLANG_WARN_OBJC_ROOT_CLASS = YES_ERROR;
				CLANG_WARN_QUOTED_INCLUDE_IN_FRAMEWORK_HEADER = YES;
				CLANG_WARN_RANGE_LOOP_ANALYSIS = YES;
				CLANG_WARN_STRICT_PROTOTYPES = YES;
				CLANG_WARN_SUSPICIOUS_MOVE = YES;
				CLANG_WARN_UNGUARDED_AVAILABILITY = YES_AGGRESSIVE;
				CLANG_WARN_UNREACHABLE_CODE = YES;
				CLANG_WARN__DUPLICATE_METHOD_MATCH = YES;
				COPY_PHASE_STRIP = NO;
				DEBUG_INFORMATION_FORMAT = dwarf;
				ENABLE_STRICT_OBJC_MSGSEND = YES;
				ENABLE_TESTABILITY = YES;
				GCC_C_LANGUAGE_STANDARD = gnu11;
				GCC_DYNAMIC_NO_PIC = NO;
				GCC_NO_COMMON_BLOCKS = YES;
				GCC_OPTIMIZATION_LEVEL = 0;
				GCC_PREPROCESSOR_DEFINITIONS = (
					"DEBUG=1",
					"$(inherited)",
				);
				GCC_WARN_64_TO_32_BIT_CONVERSION = YES;
				GCC_WARN_ABOUT_RETURN_TYPE = YES_ERROR;
				GCC_WARN_UNDECLARED_SELECTOR = YES;
				GCC_WARN_UNINITIALIZED_AUTOS = YES_AGGRESSIVE;
				GCC_WARN_UNUSED_FUNCTION = YES;
				GCC_WARN_UNUSED_VARIABLE = YES;
				IPHONEOS_DEPLOYMENT_TARGET = 14.4;
				MTL_ENABLE_DEBUG_INFO = INCLUDE_SOURCE;
				MTL_FAST_MATH = YES;
				ONLY_ACTIVE_ARCH = YES;
				SDKROOT = iphoneos;
				SWIFT_ACTIVE_COMPILATION_CONDITIONS = DEBUG;
				SWIFT_OPTIMIZATION_LEVEL = "-Onone";
			};
			name = Debug;
		};
		A9F62093262A6BF70049E7CF /* Release */ = {
			isa = XCBuildConfiguration;
			buildSettings = {
				ALWAYS_SEARCH_USER_PATHS = NO;
				CLANG_ANALYZER_NONNULL = YES;
				CLANG_ANALYZER_NUMBER_OBJECT_CONVERSION = YES_AGGRESSIVE;
				CLANG_CXX_LANGUAGE_STANDARD = "gnu++14";
				CLANG_CXX_LIBRARY = "libc++";
				CLANG_ENABLE_MODULES = YES;
				CLANG_ENABLE_OBJC_ARC = YES;
				CLANG_ENABLE_OBJC_WEAK = YES;
				CLANG_WARN_BLOCK_CAPTURE_AUTORELEASING = YES;
				CLANG_WARN_BOOL_CONVERSION = YES;
				CLANG_WARN_COMMA = YES;
				CLANG_WARN_CONSTANT_CONVERSION = YES;
				CLANG_WARN_DEPRECATED_OBJC_IMPLEMENTATIONS = YES;
				CLANG_WARN_DIRECT_OBJC_ISA_USAGE = YES_ERROR;
				CLANG_WARN_DOCUMENTATION_COMMENTS = YES;
				CLANG_WARN_EMPTY_BODY = YES;
				CLANG_WARN_ENUM_CONVERSION = YES;
				CLANG_WARN_INFINITE_RECURSION = YES;
				CLANG_WARN_INT_CONVERSION = YES;
				CLANG_WARN_NON_LITERAL_NULL_CONVERSION = YES;
				CLANG_WARN_OBJC_IMPLICIT_RETAIN_SELF = YES;
				CLANG_WARN_OBJC_LITERAL_CONVERSION = YES;
				CLANG_WARN_OBJC_ROOT_CLASS = YES_ERROR;
				CLANG_WARN_QUOTED_INCLUDE_IN_FRAMEWORK_HEADER = YES;
				CLANG_WARN_RANGE_LOOP_ANALYSIS = YES;
				CLANG_WARN_STRICT_PROTOTYPES = YES;
				CLANG_WARN_SUSPICIOUS_MOVE = YES;
				CLANG_WARN_UNGUARDED_AVAILABILITY = YES_AGGRESSIVE;
				CLANG_WARN_UNREACHABLE_CODE = YES;
				CLANG_WARN__DUPLICATE_METHOD_MATCH = YES;
				COPY_PHASE_STRIP = NO;
				DEBUG_INFORMATION_FORMAT = "dwarf-with-dsym";
				ENABLE_NS_ASSERTIONS = NO;
				ENABLE_STRICT_OBJC_MSGSEND = YES;
				GCC_C_LANGUAGE_STANDARD = gnu11;
				GCC_NO_COMMON_BLOCKS = YES;
				GCC_WARN_64_TO_32_BIT_CONVERSION = YES;
				GCC_WARN_ABOUT_RETURN_TYPE = YES_ERROR;
				GCC_WARN_UNDECLARED_SELECTOR = YES;
				GCC_WARN_UNINITIALIZED_AUTOS = YES_AGGRESSIVE;
				GCC_WARN_UNUSED_FUNCTION = YES;
				GCC_WARN_UNUSED_VARIABLE = YES;
				IPHONEOS_DEPLOYMENT_TARGET = 14.4;
				MTL_ENABLE_DEBUG_INFO = NO;
				MTL_FAST_MATH = YES;
				SDKROOT = iphoneos;
				SWIFT_COMPILATION_MODE = wholemodule;
				SWIFT_OPTIMIZATION_LEVEL = "-O";
				VALIDATE_PRODUCT = YES;
			};
			name = Release;
		};
		A9F62095262A6BF70049E7CF /* Debug */ = {
			isa = XCBuildConfiguration;
			baseConfigurationReference = ADA399BDE4F57C331DDBB3BC /* Pods-Demo.debug.xcconfig */;
			buildSettings = {
				ASSETCATALOG_COMPILER_APPICON_NAME = AppIcon;
				ASSETCATALOG_COMPILER_GLOBAL_ACCENT_COLOR_NAME = AccentColor;
				CODE_SIGN_STYLE = Automatic;
				DEVELOPMENT_ASSET_PATHS = "\"Demo/Preview Content\"";
				ENABLE_PREVIEWS = YES;
				INFOPLIST_FILE = Demo/Info.plist;
				LD_RUNPATH_SEARCH_PATHS = (
					"$(inherited)",
					"@executable_path/Frameworks",
				);
				PRODUCT_BUNDLE_IDENTIFIER = com.app.Demo;
				PRODUCT_NAME = "$(TARGET_NAME)";
				SWIFT_VERSION = 5.0;
				TARGETED_DEVICE_FAMILY = "1,2";
			};
			name = Debug;
		};
		A9F62096262A6BF70049E7CF /* Release */ = {
			isa = XCBuildConfiguration;
			baseConfigurationReference = D9CDE1574F2FB1FF914D741E /* Pods-Demo.release.xcconfig */;
			buildSettings = {
				ASSETCATALOG_COMPILER_APPICON_NAME = AppIcon;
				ASSETCATALOG_COMPILER_GLOBAL_ACCENT_COLOR_NAME = AccentColor;
				CODE_SIGN_STYLE = Automatic;
				DEVELOPMENT_ASSET_PATHS = "\"Demo/Preview Content\"";
				ENABLE_PREVIEWS = YES;
				INFOPLIST_FILE = Demo/Info.plist;
				LD_RUNPATH_SEARCH_PATHS = (
					"$(inherited)",
					"@executable_path/Frameworks",
				);
				PRODUCT_BUNDLE_IDENTIFIER = com.app.Demo;
				PRODUCT_NAME = "$(TARGET_NAME)";
				SWIFT_VERSION = 5.0;
				TARGETED_DEVICE_FAMILY = "1,2";
			};
			name = Release;
		};
		A9F62098262A6BF70049E7CF /* Debug */ = {
			isa = XCBuildConfiguration;
			baseConfigurationReference = DFCAF512791BBEA98D345020 /* Pods-DemoTests.debug.xcconfig */;
			buildSettings = {
				ALWAYS_EMBED_SWIFT_STANDARD_LIBRARIES = YES;
				BUNDLE_LOADER = "$(TEST_HOST)";
				CODE_SIGN_STYLE = Automatic;
				INFOPLIST_FILE = DemoTests/Info.plist;
				IPHONEOS_DEPLOYMENT_TARGET = 14.4;
				LD_RUNPATH_SEARCH_PATHS = (
					"$(inherited)",
					"@executable_path/Frameworks",
					"@loader_path/Frameworks",
				);
				PRODUCT_BUNDLE_IDENTIFIER = com.app.DemoTests;
				PRODUCT_NAME = "$(TARGET_NAME)";
				SWIFT_VERSION = 5.0;
				TARGETED_DEVICE_FAMILY = "1,2";
				TEST_HOST = "$(BUILT_PRODUCTS_DIR)/Demo.app/Demo";
			};
			name = Debug;
		};
		A9F62099262A6BF70049E7CF /* Release */ = {
			isa = XCBuildConfiguration;
			baseConfigurationReference = 76332AAE76F867C56E9B25C1 /* Pods-DemoTests.release.xcconfig */;
			buildSettings = {
				ALWAYS_EMBED_SWIFT_STANDARD_LIBRARIES = YES;
				BUNDLE_LOADER = "$(TEST_HOST)";
				CODE_SIGN_STYLE = Automatic;
				INFOPLIST_FILE = DemoTests/Info.plist;
				IPHONEOS_DEPLOYMENT_TARGET = 14.4;
				LD_RUNPATH_SEARCH_PATHS = (
					"$(inherited)",
					"@executable_path/Frameworks",
					"@loader_path/Frameworks",
				);
				PRODUCT_BUNDLE_IDENTIFIER = com.app.DemoTests;
				PRODUCT_NAME = "$(TARGET_NAME)";
				SWIFT_VERSION = 5.0;
				TARGETED_DEVICE_FAMILY = "1,2";
				TEST_HOST = "$(BUILT_PRODUCTS_DIR)/Demo.app/Demo";
			};
			name = Release;
		};
		A9F6209B262A6BF70049E7CF /* Debug */ = {
			isa = XCBuildConfiguration;
			baseConfigurationReference = 600B5BCBABCFB391DE018006 /* Pods-Demo-DemoUITests.debug.xcconfig */;
			buildSettings = {
				ALWAYS_EMBED_SWIFT_STANDARD_LIBRARIES = YES;
				CODE_SIGN_STYLE = Automatic;
				INFOPLIST_FILE = DemoUITests/Info.plist;
				LD_RUNPATH_SEARCH_PATHS = (
					"$(inherited)",
					"@executable_path/Frameworks",
					"@loader_path/Frameworks",
				);
				PRODUCT_BUNDLE_IDENTIFIER = com.app.DemoUITests;
				PRODUCT_NAME = "$(TARGET_NAME)";
				SWIFT_VERSION = 5.0;
				TARGETED_DEVICE_FAMILY = "1,2";
				TEST_TARGET_NAME = Demo;
			};
			name = Debug;
		};
		A9F6209C262A6BF70049E7CF /* Release */ = {
			isa = XCBuildConfiguration;
			baseConfigurationReference = 008C4724C080D279F518EC68 /* Pods-Demo-DemoUITests.release.xcconfig */;
			buildSettings = {
				ALWAYS_EMBED_SWIFT_STANDARD_LIBRARIES = YES;
				CODE_SIGN_STYLE = Automatic;
				INFOPLIST_FILE = DemoUITests/Info.plist;
				LD_RUNPATH_SEARCH_PATHS = (
					"$(inherited)",
					"@executable_path/Frameworks",
					"@loader_path/Frameworks",
				);
				PRODUCT_BUNDLE_IDENTIFIER = com.app.DemoUITests;
				PRODUCT_NAME = "$(TARGET_NAME)";
				SWIFT_VERSION = 5.0;
				TARGETED_DEVICE_FAMILY = "1,2";
				TEST_TARGET_NAME = Demo;
			};
			name = Release;
		};
/* End XCBuildConfiguration section */

/* Begin XCConfigurationList section */
		A9F62062262A6BF60049E7CF /* Build configuration list for PBXProject "Demo" */ = {
			isa = XCConfigurationList;
			buildConfigurations = (
				A9F62092262A6BF70049E7CF /* Debug */,
				A9F62093262A6BF70049E7CF /* Release */,
			);
			defaultConfigurationIsVisible = 0;
			defaultConfigurationName = Release;
		};
		A9F62094262A6BF70049E7CF /* Build configuration list for PBXNativeTarget "Demo" */ = {
			isa = XCConfigurationList;
			buildConfigurations = (
				A9F62095262A6BF70049E7CF /* Debug */,
				A9F62096262A6BF70049E7CF /* Release */,
			);
			defaultConfigurationIsVisible = 0;
			defaultConfigurationName = Release;
		};
		A9F62097262A6BF70049E7CF /* Build configuration list for PBXNativeTarget "DemoTests" */ = {
			isa = XCConfigurationList;
			buildConfigurations = (
				A9F62098262A6BF70049E7CF /* Debug */,
				A9F62099262A6BF70049E7CF /* Release */,
			);
			defaultConfigurationIsVisible = 0;
			defaultConfigurationName = Release;
		};
		A9F6209A262A6BF70049E7CF /* Build configuration list for PBXNativeTarget "DemoUITests" */ = {
			isa = XCConfigurationList;
			buildConfigurations = (
				A9F6209B262A6BF70049E7CF /* Debug */,
				A9F6209C262A6BF70049E7CF /* Release */,
			);
			defaultConfigurationIsVisible = 0;
			defaultConfigurationName = Release;
		};
/* End XCConfigurationList section */

/* Begin XCVersionGroup section */
		A9F62070262A6BF60049E7CF /* Demo.xcdatamodeld */ = {
			isa = XCVersionGroup;
			children = (
				A9F62071262A6BF60049E7CF /* Demo.xcdatamodel */,
			);
			currentVersion = A9F62071262A6BF60049E7CF /* Demo.xcdatamodel */;
			path = Demo.xcdatamodeld;
			sourceTree = "<group>";
			versionGroupType = wrapper.xcdatamodel;
		};
/* End XCVersionGroup section */
	};
	rootObject = A9F6205F262A6BF60049E7CF /* Project object */;
}
